// !$*UTF8*$!
{
	archiveVersion = 1;
	classes = {
	};
	objectVersion = 56;
	objects = {

/* Begin PBXBuildFile section */
		315C085A28E388E10045D23C /* africaApp.swift in Sources */ = {isa = PBXBuildFile; fileRef = 315C085928E388E10045D23C /* africaApp.swift */; };
		315C085C28E388E10045D23C /* ContentView.swift in Sources */ = {isa = PBXBuildFile; fileRef = 315C085B28E388E10045D23C /* ContentView.swift */; };
		315C085E28E388E20045D23C /* Assets.xcassets in Resources */ = {isa = PBXBuildFile; fileRef = 315C085D28E388E20045D23C /* Assets.xcassets */; };
		315C086128E388E20045D23C /* Preview Assets.xcassets in Resources */ = {isa = PBXBuildFile; fileRef = 315C086028E388E20045D23C /* Preview Assets.xcassets */; };
		315C087228E38C3D0045D23C /* ostrich.mp4 in Resources */ = {isa = PBXBuildFile; fileRef = 315C086828E38C3B0045D23C /* ostrich.mp4 */; };
		315C087328E38C3D0045D23C /* hippo.mp4 in Resources */ = {isa = PBXBuildFile; fileRef = 315C086928E38C3B0045D23C /* hippo.mp4 */; };
		315C087428E38C3D0045D23C /* gorilla.mp4 in Resources */ = {isa = PBXBuildFile; fileRef = 315C086A28E38C3B0045D23C /* gorilla.mp4 */; };
		315C087528E38C3D0045D23C /* lion.mp4 in Resources */ = {isa = PBXBuildFile; fileRef = 315C086B28E38C3B0045D23C /* lion.mp4 */; };
		315C087628E38C3D0045D23C /* giraffe.mp4 in Resources */ = {isa = PBXBuildFile; fileRef = 315C086C28E38C3C0045D23C /* giraffe.mp4 */; };
		315C087728E38C3D0045D23C /* zebra.mp4 in Resources */ = {isa = PBXBuildFile; fileRef = 315C086D28E38C3C0045D23C /* zebra.mp4 */; };
		315C087828E38C3D0045D23C /* cheetah.mp4 in Resources */ = {isa = PBXBuildFile; fileRef = 315C086E28E38C3C0045D23C /* cheetah.mp4 */; };
		315C087928E38C3D0045D23C /* lioness.mp4 in Resources */ = {isa = PBXBuildFile; fileRef = 315C086F28E38C3C0045D23C /* lioness.mp4 */; };
		315C087A28E38C3D0045D23C /* elephant.mp4 in Resources */ = {isa = PBXBuildFile; fileRef = 315C087028E38C3C0045D23C /* elephant.mp4 */; };
		315C087B28E38C3D0045D23C /* rhino.mp4 in Resources */ = {isa = PBXBuildFile; fileRef = 315C087128E38C3D0045D23C /* rhino.mp4 */; };
		315C088128E38C900045D23C /* animals.json in Resources */ = {isa = PBXBuildFile; fileRef = 315C087D28E38C8F0045D23C /* animals.json */; };
		315C088228E38C900045D23C /* locations.json in Resources */ = {isa = PBXBuildFile; fileRef = 315C087E28E38C8F0045D23C /* locations.json */; };
		315C088328E38C900045D23C /* covers.json in Resources */ = {isa = PBXBuildFile; fileRef = 315C087F28E38C8F0045D23C /* covers.json */; };
		315C088428E38C900045D23C /* videos.json in Resources */ = {isa = PBXBuildFile; fileRef = 315C088028E38C8F0045D23C /* videos.json */; };
		315C088828E390D50045D23C /* VideoListView.swift in Sources */ = {isa = PBXBuildFile; fileRef = 315C088728E390D50045D23C /* VideoListView.swift */; };
		315C088A28E3912B0045D23C /* MapView.swift in Sources */ = {isa = PBXBuildFile; fileRef = 315C088928E3912B0045D23C /* MapView.swift */; };
		315C088C28E3918E0045D23C /* GalleryView.swift in Sources */ = {isa = PBXBuildFile; fileRef = 315C088B28E3918E0045D23C /* GalleryView.swift */; };
		315C088E28E391D70045D23C /* MainView.swift in Sources */ = {isa = PBXBuildFile; fileRef = 315C088D28E391D70045D23C /* MainView.swift */; };
		315C089128E3962B0045D23C /* CoverImageView.swift in Sources */ = {isa = PBXBuildFile; fileRef = 315C089028E3962B0045D23C /* CoverImageView.swift */; };
		315C089428E397DB0045D23C /* CoverImageModel.swift in Sources */ = {isa = PBXBuildFile; fileRef = 315C089328E397DB0045D23C /* CoverImageModel.swift */; };
/* End PBXBuildFile section */

/* Begin PBXFileReference section */
		315C085628E388E10045D23C /* africa.app */ = {isa = PBXFileReference; explicitFileType = wrapper.application; includeInIndex = 0; path = africa.app; sourceTree = BUILT_PRODUCTS_DIR; };
		315C085928E388E10045D23C /* africaApp.swift */ = {isa = PBXFileReference; lastKnownFileType = sourcecode.swift; path = africaApp.swift; sourceTree = "<group>"; };
		315C085B28E388E10045D23C /* ContentView.swift */ = {isa = PBXFileReference; lastKnownFileType = sourcecode.swift; path = ContentView.swift; sourceTree = "<group>"; };
		315C085D28E388E20045D23C /* Assets.xcassets */ = {isa = PBXFileReference; lastKnownFileType = folder.assetcatalog; path = Assets.xcassets; sourceTree = "<group>"; };
		315C086028E388E20045D23C /* Preview Assets.xcassets */ = {isa = PBXFileReference; lastKnownFileType = folder.assetcatalog; path = "Preview Assets.xcassets"; sourceTree = "<group>"; };
		315C086828E38C3B0045D23C /* ostrich.mp4 */ = {isa = PBXFileReference; lastKnownFileType = file; path = ostrich.mp4; sourceTree = "<group>"; };
		315C086928E38C3B0045D23C /* hippo.mp4 */ = {isa = PBXFileReference; lastKnownFileType = file; path = hippo.mp4; sourceTree = "<group>"; };
		315C086A28E38C3B0045D23C /* gorilla.mp4 */ = {isa = PBXFileReference; lastKnownFileType = file; path = gorilla.mp4; sourceTree = "<group>"; };
		315C086B28E38C3B0045D23C /* lion.mp4 */ = {isa = PBXFileReference; lastKnownFileType = file; path = lion.mp4; sourceTree = "<group>"; };
		315C086C28E38C3C0045D23C /* giraffe.mp4 */ = {isa = PBXFileReference; lastKnownFileType = file; path = giraffe.mp4; sourceTree = "<group>"; };
		315C086D28E38C3C0045D23C /* zebra.mp4 */ = {isa = PBXFileReference; lastKnownFileType = file; path = zebra.mp4; sourceTree = "<group>"; };
		315C086E28E38C3C0045D23C /* cheetah.mp4 */ = {isa = PBXFileReference; lastKnownFileType = file; path = cheetah.mp4; sourceTree = "<group>"; };
		315C086F28E38C3C0045D23C /* lioness.mp4 */ = {isa = PBXFileReference; lastKnownFileType = file; path = lioness.mp4; sourceTree = "<group>"; };
		315C087028E38C3C0045D23C /* elephant.mp4 */ = {isa = PBXFileReference; lastKnownFileType = file; path = elephant.mp4; sourceTree = "<group>"; };
		315C087128E38C3D0045D23C /* rhino.mp4 */ = {isa = PBXFileReference; lastKnownFileType = file; path = rhino.mp4; sourceTree = "<group>"; };
		315C087D28E38C8F0045D23C /* animals.json */ = {isa = PBXFileReference; fileEncoding = 4; lastKnownFileType = text.json; path = animals.json; sourceTree = "<group>"; };
		315C087E28E38C8F0045D23C /* locations.json */ = {isa = PBXFileReference; fileEncoding = 4; lastKnownFileType = text.json; path = locations.json; sourceTree = "<group>"; };
		315C087F28E38C8F0045D23C /* covers.json */ = {isa = PBXFileReference; fileEncoding = 4; lastKnownFileType = text.json; path = covers.json; sourceTree = "<group>"; };
		315C088028E38C8F0045D23C /* videos.json */ = {isa = PBXFileReference; fileEncoding = 4; lastKnownFileType = text.json; path = videos.json; sourceTree = "<group>"; };
		315C088528E38EA50045D23C /* Info.plist */ = {isa = PBXFileReference; lastKnownFileType = text.plist; path = Info.plist; sourceTree = "<group>"; };
		315C088728E390D50045D23C /* VideoListView.swift */ = {isa = PBXFileReference; lastKnownFileType = sourcecode.swift; path = VideoListView.swift; sourceTree = "<group>"; };
		315C088928E3912B0045D23C /* MapView.swift */ = {isa = PBXFileReference; lastKnownFileType = sourcecode.swift; path = MapView.swift; sourceTree = "<group>"; };
		315C088B28E3918E0045D23C /* GalleryView.swift */ = {isa = PBXFileReference; lastKnownFileType = sourcecode.swift; path = GalleryView.swift; sourceTree = "<group>"; };
		315C088D28E391D70045D23C /* MainView.swift */ = {isa = PBXFileReference; lastKnownFileType = sourcecode.swift; path = MainView.swift; sourceTree = "<group>"; };
		315C089028E3962B0045D23C /* CoverImageView.swift */ = {isa = PBXFileReference; lastKnownFileType = sourcecode.swift; path = CoverImageView.swift; sourceTree = "<group>"; };
		315C089328E397DB0045D23C /* CoverImageModel.swift */ = {isa = PBXFileReference; lastKnownFileType = sourcecode.swift; path = CoverImageModel.swift; sourceTree = "<group>"; };
/* End PBXFileReference section */

/* Begin PBXFrameworksBuildPhase section */
		315C085328E388E10045D23C /* Frameworks */ = {
			isa = PBXFrameworksBuildPhase;
			buildActionMask = 2147483647;
			files = (
			);
			runOnlyForDeploymentPostprocessing = 0;
		};
/* End PBXFrameworksBuildPhase section */

/* Begin PBXGroup section */
		315C084D28E388E10045D23C = {
			isa = PBXGroup;
			children = (
				315C085828E388E10045D23C /* africa */,
				315C085728E388E10045D23C /* Products */,
			);
			sourceTree = "<group>";
		};
		315C085728E388E10045D23C /* Products */ = {
			isa = PBXGroup;
			children = (
				315C085628E388E10045D23C /* africa.app */,
			);
			name = Products;
			sourceTree = "<group>";
		};
		315C085828E388E10045D23C /* africa */ = {
			isa = PBXGroup;
			children = (
				315C088F28E395F30045D23C /* View */,
				315C088628E390940045D23C /* App */,
				315C089228E397B70045D23C /* Model */,
				315C087C28E38C770045D23C /* Data */,
				315C086728E38C100045D23C /* Video */,
				315C088528E38EA50045D23C /* Info.plist */,
				315C085D28E388E20045D23C /* Assets.xcassets */,
				315C085F28E388E20045D23C /* Preview Content */,
			);
			path = africa;
			sourceTree = "<group>";
		};
		315C085F28E388E20045D23C /* Preview Content */ = {
			isa = PBXGroup;
			children = (
				315C086028E388E20045D23C /* Preview Assets.xcassets */,
			);
			path = "Preview Content";
			sourceTree = "<group>";
		};
		315C086728E38C100045D23C /* Video */ = {
			isa = PBXGroup;
			children = (
				315C086E28E38C3C0045D23C /* cheetah.mp4 */,
				315C087028E38C3C0045D23C /* elephant.mp4 */,
				315C086C28E38C3C0045D23C /* giraffe.mp4 */,
				315C086A28E38C3B0045D23C /* gorilla.mp4 */,
				315C086928E38C3B0045D23C /* hippo.mp4 */,
				315C086B28E38C3B0045D23C /* lion.mp4 */,
				315C086F28E38C3C0045D23C /* lioness.mp4 */,
				315C086828E38C3B0045D23C /* ostrich.mp4 */,
				315C087128E38C3D0045D23C /* rhino.mp4 */,
				315C086D28E38C3C0045D23C /* zebra.mp4 */,
			);
			path = Video;
			sourceTree = "<group>";
		};
		315C087C28E38C770045D23C /* Data */ = {
			isa = PBXGroup;
			children = (
				315C087D28E38C8F0045D23C /* animals.json */,
				315C087F28E38C8F0045D23C /* covers.json */,
				315C087E28E38C8F0045D23C /* locations.json */,
				315C088028E38C8F0045D23C /* videos.json */,
			);
			path = Data;
			sourceTree = "<group>";
		};
		315C088628E390940045D23C /* App */ = {
			isa = PBXGroup;
			children = (
				315C085928E388E10045D23C /* africaApp.swift */,
				315C085B28E388E10045D23C /* ContentView.swift */,
				315C088728E390D50045D23C /* VideoListView.swift */,
				315C088928E3912B0045D23C /* MapView.swift */,
				315C088B28E3918E0045D23C /* GalleryView.swift */,
				315C088D28E391D70045D23C /* MainView.swift */,
			);
			path = App;
			sourceTree = "<group>";
		};
		315C088F28E395F30045D23C /* View */ = {
			isa = PBXGroup;
			children = (
				315C089028E3962B0045D23C /* CoverImageView.swift */,
			);
			path = View;
			sourceTree = "<group>";
		};
		315C089228E397B70045D23C /* Model */ = {
			isa = PBXGroup;
			children = (
				315C089328E397DB0045D23C /* CoverImageModel.swift */,
			);
			path = Model;
			sourceTree = "<group>";
		};
/* End PBXGroup section */

/* Begin PBXNativeTarget section */
		315C085528E388E10045D23C /* africa */ = {
			isa = PBXNativeTarget;
			buildConfigurationList = 315C086428E388E20045D23C /* Build configuration list for PBXNativeTarget "africa" */;
			buildPhases = (
				315C085228E388E10045D23C /* Sources */,
				315C085328E388E10045D23C /* Frameworks */,
				315C085428E388E10045D23C /* Resources */,
			);
			buildRules = (
			);
			dependencies = (
			);
			name = africa;
			productName = africa;
			productReference = 315C085628E388E10045D23C /* africa.app */;
			productType = "com.apple.product-type.application";
		};
/* End PBXNativeTarget section */

/* Begin PBXProject section */
		315C084E28E388E10045D23C /* Project object */ = {
			isa = PBXProject;
			attributes = {
				BuildIndependentTargetsInParallel = 1;
				LastSwiftUpdateCheck = 1400;
				LastUpgradeCheck = 1400;
				TargetAttributes = {
					315C085528E388E10045D23C = {
						CreatedOnToolsVersion = 14.0;
					};
				};
			};
			buildConfigurationList = 315C085128E388E10045D23C /* Build configuration list for PBXProject "africa" */;
			compatibilityVersion = "Xcode 14.0";
			developmentRegion = en;
			hasScannedForEncodings = 0;
			knownRegions = (
				en,
				Base,
			);
			mainGroup = 315C084D28E388E10045D23C;
			productRefGroup = 315C085728E388E10045D23C /* Products */;
			projectDirPath = "";
			projectRoot = "";
			targets = (
				315C085528E388E10045D23C /* africa */,
			);
		};
/* End PBXProject section */

/* Begin PBXResourcesBuildPhase section */
		315C085428E388E10045D23C /* Resources */ = {
			isa = PBXResourcesBuildPhase;
			buildActionMask = 2147483647;
			files = (
				315C088228E38C900045D23C /* locations.json in Resources */,
				315C087B28E38C3D0045D23C /* rhino.mp4 in Resources */,
				315C087328E38C3D0045D23C /* hippo.mp4 in Resources */,
				315C087528E38C3D0045D23C /* lion.mp4 in Resources */,
				315C087228E38C3D0045D23C /* ostrich.mp4 in Resources */,
				315C087428E38C3D0045D23C /* gorilla.mp4 in Resources */,
				315C087728E38C3D0045D23C /* zebra.mp4 in Resources */,
				315C086128E388E20045D23C /* Preview Assets.xcassets in Resources */,
				315C088128E38C900045D23C /* animals.json in Resources */,
				315C087628E38C3D0045D23C /* giraffe.mp4 in Resources */,
				315C088328E38C900045D23C /* covers.json in Resources */,
				315C087928E38C3D0045D23C /* lioness.mp4 in Resources */,
				315C085E28E388E20045D23C /* Assets.xcassets in Resources */,
				315C088428E38C900045D23C /* videos.json in Resources */,
				315C087828E38C3D0045D23C /* cheetah.mp4 in Resources */,
				315C087A28E38C3D0045D23C /* elephant.mp4 in Resources */,
			);
			runOnlyForDeploymentPostprocessing = 0;
		};
/* End PBXResourcesBuildPhase section */

/* Begin PBXSourcesBuildPhase section */
		315C085228E388E10045D23C /* Sources */ = {
			isa = PBXSourcesBuildPhase;
			buildActionMask = 2147483647;
			files = (
				315C085C28E388E10045D23C /* ContentView.swift in Sources */,
				315C088E28E391D70045D23C /* MainView.swift in Sources */,
				315C089128E3962B0045D23C /* CoverImageView.swift in Sources */,
				315C089428E397DB0045D23C /* CoverImageModel.swift in Sources */,
				315C088A28E3912B0045D23C /* MapView.swift in Sources */,
				315C085A28E388E10045D23C /* africaApp.swift in Sources */,
				315C088828E390D50045D23C /* VideoListView.swift in Sources */,
				315C088C28E3918E0045D23C /* GalleryView.swift in Sources */,
			);
			runOnlyForDeploymentPostprocessing = 0;
		};
/* End PBXSourcesBuildPhase section */

/* Begin XCBuildConfiguration section */
		315C086228E388E20045D23C /* Debug */ = {
			isa = XCBuildConfiguration;
			buildSettings = {
				ALWAYS_SEARCH_USER_PATHS = NO;
				CLANG_ANALYZER_NONNULL = YES;
				CLANG_ANALYZER_NUMBER_OBJECT_CONVERSION = YES_AGGRESSIVE;
				CLANG_CXX_LANGUAGE_STANDARD = "gnu++20";
				CLANG_ENABLE_MODULES = YES;
				CLANG_ENABLE_OBJC_ARC = YES;
				CLANG_ENABLE_OBJC_WEAK = YES;
				CLANG_WARN_BLOCK_CAPTURE_AUTORELEASING = YES;
				CLANG_WARN_BOOL_CONVERSION = YES;
				CLANG_WARN_COMMA = YES;
				CLANG_WARN_CONSTANT_CONVERSION = YES;
				CLANG_WARN_DEPRECATED_OBJC_IMPLEMENTATIONS = YES;
				CLANG_WARN_DIRECT_OBJC_ISA_USAGE = YES_ERROR;
				CLANG_WARN_DOCUMENTATION_COMMENTS = YES;
				CLANG_WARN_EMPTY_BODY = YES;
				CLANG_WARN_ENUM_CONVERSION = YES;
				CLANG_WARN_INFINITE_RECURSION = YES;
				CLANG_WARN_INT_CONVERSION = YES;
				CLANG_WARN_NON_LITERAL_NULL_CONVERSION = YES;
				CLANG_WARN_OBJC_IMPLICIT_RETAIN_SELF = YES;
				CLANG_WARN_OBJC_LITERAL_CONVERSION = YES;
				CLANG_WARN_OBJC_ROOT_CLASS = YES_ERROR;
				CLANG_WARN_QUOTED_INCLUDE_IN_FRAMEWORK_HEADER = YES;
				CLANG_WARN_RANGE_LOOP_ANALYSIS = YES;
				CLANG_WARN_STRICT_PROTOTYPES = YES;
				CLANG_WARN_SUSPICIOUS_MOVE = YES;
				CLANG_WARN_UNGUARDED_AVAILABILITY = YES_AGGRESSIVE;
				CLANG_WARN_UNREACHABLE_CODE = YES;
				CLANG_WARN__DUPLICATE_METHOD_MATCH = YES;
				COPY_PHASE_STRIP = NO;
				DEBUG_INFORMATION_FORMAT = dwarf;
				ENABLE_STRICT_OBJC_MSGSEND = YES;
				ENABLE_TESTABILITY = YES;
				GCC_C_LANGUAGE_STANDARD = gnu11;
				GCC_DYNAMIC_NO_PIC = NO;
				GCC_NO_COMMON_BLOCKS = YES;
				GCC_OPTIMIZATION_LEVEL = 0;
				GCC_PREPROCESSOR_DEFINITIONS = (
					"DEBUG=1",
					"$(inherited)",
				);
				GCC_WARN_64_TO_32_BIT_CONVERSION = YES;
				GCC_WARN_ABOUT_RETURN_TYPE = YES_ERROR;
				GCC_WARN_UNDECLARED_SELECTOR = YES;
				GCC_WARN_UNINITIALIZED_AUTOS = YES_AGGRESSIVE;
				GCC_WARN_UNUSED_FUNCTION = YES;
				GCC_WARN_UNUSED_VARIABLE = YES;
				IPHONEOS_DEPLOYMENT_TARGET = 16.0;
				MTL_ENABLE_DEBUG_INFO = INCLUDE_SOURCE;
				MTL_FAST_MATH = YES;
				ONLY_ACTIVE_ARCH = YES;
				SDKROOT = iphoneos;
				SWIFT_ACTIVE_COMPILATION_CONDITIONS = DEBUG;
				SWIFT_OPTIMIZATION_LEVEL = "-Onone";
			};
			name = Debug;
		};
		315C086328E388E20045D23C /* Release */ = {
			isa = XCBuildConfiguration;
			buildSettings = {
				ALWAYS_SEARCH_USER_PATHS = NO;
				CLANG_ANALYZER_NONNULL = YES;
				CLANG_ANALYZER_NUMBER_OBJECT_CONVERSION = YES_AGGRESSIVE;
				CLANG_CXX_LANGUAGE_STANDARD = "gnu++20";
				CLANG_ENABLE_MODULES = YES;
				CLANG_ENABLE_OBJC_ARC = YES;
				CLANG_ENABLE_OBJC_WEAK = YES;
				CLANG_WARN_BLOCK_CAPTURE_AUTORELEASING = YES;
				CLANG_WARN_BOOL_CONVERSION = YES;
				CLANG_WARN_COMMA = YES;
				CLANG_WARN_CONSTANT_CONVERSION = YES;
				CLANG_WARN_DEPRECATED_OBJC_IMPLEMENTATIONS = YES;
				CLANG_WARN_DIRECT_OBJC_ISA_USAGE = YES_ERROR;
				CLANG_WARN_DOCUMENTATION_COMMENTS = YES;
				CLANG_WARN_EMPTY_BODY = YES;
				CLANG_WARN_ENUM_CONVERSION = YES;
				CLANG_WARN_INFINITE_RECURSION = YES;
				CLANG_WARN_INT_CONVERSION = YES;
				CLANG_WARN_NON_LITERAL_NULL_CONVERSION = YES;
				CLANG_WARN_OBJC_IMPLICIT_RETAIN_SELF = YES;
				CLANG_WARN_OBJC_LITERAL_CONVERSION = YES;
				CLANG_WARN_OBJC_ROOT_CLASS = YES_ERROR;
				CLANG_WARN_QUOTED_INCLUDE_IN_FRAMEWORK_HEADER = YES;
				CLANG_WARN_RANGE_LOOP_ANALYSIS = YES;
				CLANG_WARN_STRICT_PROTOTYPES = YES;
				CLANG_WARN_SUSPICIOUS_MOVE = YES;
				CLANG_WARN_UNGUARDED_AVAILABILITY = YES_AGGRESSIVE;
				CLANG_WARN_UNREACHABLE_CODE = YES;
				CLANG_WARN__DUPLICATE_METHOD_MATCH = YES;
				COPY_PHASE_STRIP = NO;
				DEBUG_INFORMATION_FORMAT = "dwarf-with-dsym";
				ENABLE_NS_ASSERTIONS = NO;
				ENABLE_STRICT_OBJC_MSGSEND = YES;
				GCC_C_LANGUAGE_STANDARD = gnu11;
				GCC_NO_COMMON_BLOCKS = YES;
				GCC_WARN_64_TO_32_BIT_CONVERSION = YES;
				GCC_WARN_ABOUT_RETURN_TYPE = YES_ERROR;
				GCC_WARN_UNDECLARED_SELECTOR = YES;
				GCC_WARN_UNINITIALIZED_AUTOS = YES_AGGRESSIVE;
				GCC_WARN_UNUSED_FUNCTION = YES;
				GCC_WARN_UNUSED_VARIABLE = YES;
				IPHONEOS_DEPLOYMENT_TARGET = 16.0;
				MTL_ENABLE_DEBUG_INFO = NO;
				MTL_FAST_MATH = YES;
				SDKROOT = iphoneos;
				SWIFT_COMPILATION_MODE = wholemodule;
				SWIFT_OPTIMIZATION_LEVEL = "-O";
				VALIDATE_PRODUCT = YES;
			};
			name = Release;
		};
		315C086528E388E20045D23C /* Debug */ = {
			isa = XCBuildConfiguration;
			buildSettings = {
				ASSETCATALOG_COMPILER_APPICON_NAME = AppIcon;
				ASSETCATALOG_COMPILER_GLOBAL_ACCENT_COLOR_NAME = AccentColor;
				CODE_SIGN_STYLE = Automatic;
				CURRENT_PROJECT_VERSION = 1;
				DEVELOPMENT_ASSET_PATHS = "\"africa/Preview Content\"";
				DEVELOPMENT_TEAM = MRWW7972SX;
				ENABLE_PREVIEWS = YES;
				GENERATE_INFOPLIST_FILE = YES;
				INFOPLIST_FILE = africa/Info.plist;
				INFOPLIST_KEY_UIApplicationSceneManifest_Generation = YES;
				INFOPLIST_KEY_UIApplicationSupportsIndirectInputEvents = YES;
				INFOPLIST_KEY_UISupportedInterfaceOrientations_iPad = "UIInterfaceOrientationPortrait UIInterfaceOrientationPortraitUpsideDown UIInterfaceOrientationLandscapeLeft UIInterfaceOrientationLandscapeRight";
				INFOPLIST_KEY_UISupportedInterfaceOrientations_iPhone = "UIInterfaceOrientationPortrait UIInterfaceOrientationLandscapeLeft UIInterfaceOrientationLandscapeRight";
				INFOPLIST_KEY_UIUserInterfaceStyle = Dark;
				LD_RUNPATH_SEARCH_PATHS = (
					"$(inherited)",
					"@executable_path/Frameworks",
				);
				MARKETING_VERSION = 1.0;
				PRODUCT_BUNDLE_IDENTIFIER = com.silvaneimartins.africa;
				PRODUCT_NAME = "$(TARGET_NAME)";
				SWIFT_EMIT_LOC_STRINGS = YES;
				SWIFT_VERSION = 5.0;
				TARGETED_DEVICE_FAMILY = "1,2";
			};
			name = Debug;
		};
		315C086628E388E20045D23C /* Release */ = {
			isa = XCBuildConfiguration;
			buildSettings = {
				ASSETCATALOG_COMPILER_APPICON_NAME = AppIcon;
				ASSETCATALOG_COMPILER_GLOBAL_ACCENT_COLOR_NAME = AccentColor;
				CODE_SIGN_STYLE = Automatic;
				CURRENT_PROJECT_VERSION = 1;
				DEVELOPMENT_ASSET_PATHS = "\"africa/Preview Content\"";
				DEVELOPMENT_TEAM = MRWW7972SX;
				ENABLE_PREVIEWS = YES;
				GENERATE_INFOPLIST_FILE = YES;
				INFOPLIST_FILE = africa/Info.plist;
				INFOPLIST_KEY_UIApplicationSceneManifest_Generation = YES;
				INFOPLIST_KEY_UIApplicationSupportsIndirectInputEvents = YES;
				INFOPLIST_KEY_UISupportedInterfaceOrientations_iPad = "UIInterfaceOrientationPortrait UIInterfaceOrientationPortraitUpsideDown UIInterfaceOrientationLandscapeLeft UIInterfaceOrientationLandscapeRight";
				INFOPLIST_KEY_UISupportedInterfaceOrientations_iPhone = "UIInterfaceOrientationPortrait UIInterfaceOrientationLandscapeLeft UIInterfaceOrientationLandscapeRight";
				INFOPLIST_KEY_UIUserInterfaceStyle = Dark;
				LD_RUNPATH_SEARCH_PATHS = (
					"$(inherited)",
					"@executable_path/Frameworks",
				);
				MARKETING_VERSION = 1.0;
				PRODUCT_BUNDLE_IDENTIFIER = com.silvaneimartins.africa;
				PRODUCT_NAME = "$(TARGET_NAME)";
				SWIFT_EMIT_LOC_STRINGS = YES;
				SWIFT_VERSION = 5.0;
				TARGETED_DEVICE_FAMILY = "1,2";
			};
			name = Release;
		};
/* End XCBuildConfiguration section */

/* Begin XCConfigurationList section */
		315C085128E388E10045D23C /* Build configuration list for PBXProject "africa" */ = {
			isa = XCConfigurationList;
			buildConfigurations = (
				315C086228E388E20045D23C /* Debug */,
				315C086328E388E20045D23C /* Release */,
			);
			defaultConfigurationIsVisible = 0;
			defaultConfigurationName = Release;
		};
		315C086428E388E20045D23C /* Build configuration list for PBXNativeTarget "africa" */ = {
			isa = XCConfigurationList;
			buildConfigurations = (
				315C086528E388E20045D23C /* Debug */,
				315C086628E388E20045D23C /* Release */,
			);
			defaultConfigurationIsVisible = 0;
			defaultConfigurationName = Release;
		};
/* End XCConfigurationList section */
	};
	rootObject = 315C084E28E388E10045D23C /* Project object */;
}
